// !$*UTF8*$!
{
	archiveVersion = 1;
	classes = {
	};
	objectVersion = 56;
	objects = {

/* Begin PBXBuildFile section */
		5C9FFF352BFE0156008A0E7D /* PatternDummy.swift in Sources */ = {isa = PBXBuildFile; fileRef = 5C9FFF342BFE0156008A0E7D /* PatternDummy.swift */; };
		B50F27122BFB666C00BB96F5 /* BasicKnot.swift in Sources */ = {isa = PBXBuildFile; fileRef = B50F27112BFB666C00BB96F5 /* BasicKnot.swift */; };
		B50F27142BFB668400BB96F5 /* AppliedKnot.swift in Sources */ = {isa = PBXBuildFile; fileRef = B50F27132BFB668400BB96F5 /* AppliedKnot.swift */; };
		B50F271A2BFCAE7A00BB96F5 /* HomePatternItem.swift in Sources */ = {isa = PBXBuildFile; fileRef = B50F27192BFCAE7A00BB96F5 /* HomePatternItem.swift */; };
		B55EE5A52BFDCBBA005A43BC /* View+.swift in Sources */ = {isa = PBXBuildFile; fileRef = B55EE5A42BFDCBBA005A43BC /* View+.swift */; };
		E7B5F6D92BF86CB300A1E749 /* DoraeApp.swift in Sources */ = {isa = PBXBuildFile; fileRef = E7B5F6D82BF86CB300A1E749 /* DoraeApp.swift */; };
		E7B5F6DB2BF86CB300A1E749 /* ContentView.swift in Sources */ = {isa = PBXBuildFile; fileRef = E7B5F6DA2BF86CB300A1E749 /* ContentView.swift */; };
		E7B5F6DD2BF86CB300A1E749 /* Item.swift in Sources */ = {isa = PBXBuildFile; fileRef = E7B5F6DC2BF86CB300A1E749 /* Item.swift */; };
		E7B5F6DF2BF86CB400A1E749 /* Assets.xcassets in Resources */ = {isa = PBXBuildFile; fileRef = E7B5F6DE2BF86CB400A1E749 /* Assets.xcassets */; };
		E7B5F6E22BF86CB400A1E749 /* Preview Assets.xcassets in Resources */ = {isa = PBXBuildFile; fileRef = E7B5F6E12BF86CB400A1E749 /* Preview Assets.xcassets */; };
		E7B5F7042BFB391500A1E749 /* Pattern.swift in Sources */ = {isa = PBXBuildFile; fileRef = E7B5F7032BFB391500A1E749 /* Pattern.swift */; };
		E7B5F7062BFB393A00A1E749 /* Knot.swift in Sources */ = {isa = PBXBuildFile; fileRef = E7B5F7052BFB393A00A1E749 /* Knot.swift */; };
		E7B5F7092BFB3B5C00A1E749 /* KnotDataManager.swift in Sources */ = {isa = PBXBuildFile; fileRef = E7B5F7082BFB3B5C00A1E749 /* KnotDataManager.swift */; };
		E7B5F70B2BFB3C6B00A1E749 /* HomeView.swift in Sources */ = {isa = PBXBuildFile; fileRef = E7B5F70A2BFB3C6B00A1E749 /* HomeView.swift */; };
		E7B5F70D2BFB3CAA00A1E749 /* PatternView.swift in Sources */ = {isa = PBXBuildFile; fileRef = E7B5F70C2BFB3CAA00A1E749 /* PatternView.swift */; };
		E7B5F70F2BFB3CB200A1E749 /* ImagePatternView.swift in Sources */ = {isa = PBXBuildFile; fileRef = E7B5F70E2BFB3CB200A1E749 /* ImagePatternView.swift */; };
		E7B5F7112BFB3CBB00A1E749 /* TextPatternView.swift in Sources */ = {isa = PBXBuildFile; fileRef = E7B5F7102BFB3CBB00A1E749 /* TextPatternView.swift */; };
		E7B5F7132BFB3CC900A1E749 /* KnotView.swift in Sources */ = {isa = PBXBuildFile; fileRef = E7B5F7122BFB3CC900A1E749 /* KnotView.swift */; };
		E7B5F7192BFB3F5A00A1E749 /* Color+.swift in Sources */ = {isa = PBXBuildFile; fileRef = E7B5F7182BFB3F5A00A1E749 /* Color+.swift */; };
/* End PBXBuildFile section */

/* Begin PBXFileReference section */
		5C9FFF342BFE0156008A0E7D /* PatternDummy.swift */ = {isa = PBXFileReference; lastKnownFileType = sourcecode.swift; path = PatternDummy.swift; sourceTree = "<group>"; };
		B50F27112BFB666C00BB96F5 /* BasicKnot.swift */ = {isa = PBXFileReference; lastKnownFileType = sourcecode.swift; path = BasicKnot.swift; sourceTree = "<group>"; };
		B50F27132BFB668400BB96F5 /* AppliedKnot.swift */ = {isa = PBXFileReference; lastKnownFileType = sourcecode.swift; path = AppliedKnot.swift; sourceTree = "<group>"; };
		B50F27192BFCAE7A00BB96F5 /* HomePatternItem.swift */ = {isa = PBXFileReference; lastKnownFileType = sourcecode.swift; path = HomePatternItem.swift; sourceTree = "<group>"; };
		B55EE5A42BFDCBBA005A43BC /* View+.swift */ = {isa = PBXFileReference; lastKnownFileType = sourcecode.swift; path = "View+.swift"; sourceTree = "<group>"; };
		E7B5F6D52BF86CB300A1E749 /* Dorae.app */ = {isa = PBXFileReference; explicitFileType = wrapper.application; includeInIndex = 0; path = Dorae.app; sourceTree = BUILT_PRODUCTS_DIR; };
		E7B5F6D82BF86CB300A1E749 /* DoraeApp.swift */ = {isa = PBXFileReference; lastKnownFileType = sourcecode.swift; path = DoraeApp.swift; sourceTree = "<group>"; };
		E7B5F6DA2BF86CB300A1E749 /* ContentView.swift */ = {isa = PBXFileReference; lastKnownFileType = sourcecode.swift; path = ContentView.swift; sourceTree = "<group>"; };
		E7B5F6DC2BF86CB300A1E749 /* Item.swift */ = {isa = PBXFileReference; lastKnownFileType = sourcecode.swift; path = Item.swift; sourceTree = "<group>"; };
		E7B5F6DE2BF86CB400A1E749 /* Assets.xcassets */ = {isa = PBXFileReference; lastKnownFileType = folder.assetcatalog; path = Assets.xcassets; sourceTree = "<group>"; };
		E7B5F6E12BF86CB400A1E749 /* Preview Assets.xcassets */ = {isa = PBXFileReference; lastKnownFileType = folder.assetcatalog; path = "Preview Assets.xcassets"; sourceTree = "<group>"; };
		E7B5F7032BFB391500A1E749 /* Pattern.swift */ = {isa = PBXFileReference; lastKnownFileType = sourcecode.swift; path = Pattern.swift; sourceTree = "<group>"; };
		E7B5F7052BFB393A00A1E749 /* Knot.swift */ = {isa = PBXFileReference; lastKnownFileType = sourcecode.swift; path = Knot.swift; sourceTree = "<group>"; };
		E7B5F7082BFB3B5C00A1E749 /* KnotDataManager.swift */ = {isa = PBXFileReference; lastKnownFileType = sourcecode.swift; path = KnotDataManager.swift; sourceTree = "<group>"; };
		E7B5F70A2BFB3C6B00A1E749 /* HomeView.swift */ = {isa = PBXFileReference; lastKnownFileType = sourcecode.swift; path = HomeView.swift; sourceTree = "<group>"; };
		E7B5F70C2BFB3CAA00A1E749 /* PatternView.swift */ = {isa = PBXFileReference; lastKnownFileType = sourcecode.swift; path = PatternView.swift; sourceTree = "<group>"; };
		E7B5F70E2BFB3CB200A1E749 /* ImagePatternView.swift */ = {isa = PBXFileReference; lastKnownFileType = sourcecode.swift; path = ImagePatternView.swift; sourceTree = "<group>"; };
		E7B5F7102BFB3CBB00A1E749 /* TextPatternView.swift */ = {isa = PBXFileReference; lastKnownFileType = sourcecode.swift; path = TextPatternView.swift; sourceTree = "<group>"; };
		E7B5F7122BFB3CC900A1E749 /* KnotView.swift */ = {isa = PBXFileReference; lastKnownFileType = sourcecode.swift; path = KnotView.swift; sourceTree = "<group>"; };
		E7B5F7182BFB3F5A00A1E749 /* Color+.swift */ = {isa = PBXFileReference; lastKnownFileType = sourcecode.swift; path = "Color+.swift"; sourceTree = "<group>"; };
/* End PBXFileReference section */

/* Begin PBXFrameworksBuildPhase section */
		E7B5F6D22BF86CB300A1E749 /* Frameworks */ = {
			isa = PBXFrameworksBuildPhase;
			buildActionMask = 2147483647;
			files = (
			);
			runOnlyForDeploymentPostprocessing = 0;
		};
/* End PBXFrameworksBuildPhase section */

/* Begin PBXGroup section */
		B50F27102BFB665500BB96F5 /* KnotList */ = {
			isa = PBXGroup;
			children = (
				B50F27112BFB666C00BB96F5 /* BasicKnot.swift */,
				B50F27132BFB668400BB96F5 /* AppliedKnot.swift */,
			);
			path = KnotList;
			sourceTree = "<group>";
		};
		E7B5F6CC2BF86CB300A1E749 = {
			isa = PBXGroup;
			children = (
				E7B5F6D72BF86CB300A1E749 /* Dorae */,
				E7B5F6D62BF86CB300A1E749 /* Products */,
			);
			sourceTree = "<group>";
		};
		E7B5F6D62BF86CB300A1E749 /* Products */ = {
			isa = PBXGroup;
			children = (
				E7B5F6D52BF86CB300A1E749 /* Dorae.app */,
			);
			name = Products;
			sourceTree = "<group>";
		};
		E7B5F6D72BF86CB300A1E749 /* Dorae */ = {
			isa = PBXGroup;
			children = (
				E7B5F6D82BF86CB300A1E749 /* DoraeApp.swift */,
				E7B5F6FF2BFB385500A1E749 /* Model */,
				E7B5F7002BFB387800A1E749 /* Views */,
				E7B5F7022BFB388900A1E749 /* ViewModel */,
				E7B5F7012BFB388100A1E749 /* Extensions */,
				E7B5F7072BFB3B2A00A1E749 /* Resources */,
				E7B5F6E02BF86CB400A1E749 /* Preview Content */,
			);
			path = Dorae;
			sourceTree = "<group>";
		};
		E7B5F6E02BF86CB400A1E749 /* Preview Content */ = {
			isa = PBXGroup;
			children = (
				E7B5F6E12BF86CB400A1E749 /* Preview Assets.xcassets */,
			);
			path = "Preview Content";
			sourceTree = "<group>";
		};
		E7B5F6FF2BFB385500A1E749 /* Model */ = {
			isa = PBXGroup;
			children = (
				E7B5F7032BFB391500A1E749 /* Pattern.swift */,
				E7B5F7052BFB393A00A1E749 /* Knot.swift */,
			);
			path = Model;
			sourceTree = "<group>";
		};
		E7B5F7002BFB387800A1E749 /* Views */ = {
			isa = PBXGroup;
			children = (
				E7B5F6DA2BF86CB300A1E749 /* ContentView.swift */,
				E7B5F7142BFB3CDB00A1E749 /* Home */,
			);
			path = Views;
			sourceTree = "<group>";
		};
		E7B5F7012BFB388100A1E749 /* Extensions */ = {
			isa = PBXGroup;
			children = (
				E7B5F7182BFB3F5A00A1E749 /* Color+.swift */,
				B55EE5A42BFDCBBA005A43BC /* View+.swift */,
			);
			path = Extensions;
			sourceTree = "<group>";
		};
		E7B5F7022BFB388900A1E749 /* ViewModel */ = {
			isa = PBXGroup;
			children = (
				E7B5F6DC2BF86CB300A1E749 /* Item.swift */,
				E7B5F7082BFB3B5C00A1E749 /* KnotDataManager.swift */,
			);
			path = ViewModel;
			sourceTree = "<group>";
		};
		E7B5F7072BFB3B2A00A1E749 /* Resources */ = {
			isa = PBXGroup;
			children = (
				B50F27102BFB665500BB96F5 /* KnotList */,
				E7B5F6DE2BF86CB400A1E749 /* Assets.xcassets */,
				5C9FFF342BFE0156008A0E7D /* PatternDummy.swift */,
			);
			path = Resources;
			sourceTree = "<group>";
		};
		E7B5F7142BFB3CDB00A1E749 /* Home */ = {
			isa = PBXGroup;
			children = (
				E7B5F70A2BFB3C6B00A1E749 /* HomeView.swift */,
				B50F27192BFCAE7A00BB96F5 /* HomePatternItem.swift */,
				E7B5F7212BFC6D0D00A1E749 /* Pattern */,
			);
			path = Home;
			sourceTree = "<group>";
		};
		E7B5F7152BFB3CE400A1E749 /* ImagePattern */ = {
			isa = PBXGroup;
			children = (
				E7B5F70E2BFB3CB200A1E749 /* ImagePatternView.swift */,
			);
			path = ImagePattern;
			sourceTree = "<group>";
		};
		E7B5F7162BFB3CFA00A1E749 /* TextPattern */ = {
			isa = PBXGroup;
			children = (
				E7B5F7102BFB3CBB00A1E749 /* TextPatternView.swift */,
			);
			path = TextPattern;
			sourceTree = "<group>";
		};
		E7B5F7172BFB3D0900A1E749 /* KnotList */ = {
			isa = PBXGroup;
			children = (
				E7B5F7122BFB3CC900A1E749 /* KnotView.swift */,
			);
			path = KnotList;
			sourceTree = "<group>";
		};
		E7B5F7212BFC6D0D00A1E749 /* Pattern */ = {
			isa = PBXGroup;
			children = (
				E7B5F70C2BFB3CAA00A1E749 /* PatternView.swift */,
				E7B5F7162BFB3CFA00A1E749 /* TextPattern */,
				E7B5F7172BFB3D0900A1E749 /* KnotList */,
				E7B5F7152BFB3CE400A1E749 /* ImagePattern */,
			);
			path = Pattern;
			sourceTree = "<group>";
		};
/* End PBXGroup section */

/* Begin PBXNativeTarget section */
		E7B5F6D42BF86CB300A1E749 /* Dorae */ = {
			isa = PBXNativeTarget;
			buildConfigurationList = E7B5F6E52BF86CB400A1E749 /* Build configuration list for PBXNativeTarget "Dorae" */;
			buildPhases = (
				E7B5F6D12BF86CB300A1E749 /* Sources */,
				E7B5F6D22BF86CB300A1E749 /* Frameworks */,
				E7B5F6D32BF86CB300A1E749 /* Resources */,
			);
			buildRules = (
			);
			dependencies = (
			);
			name = Dorae;
			productName = Dorae;
			productReference = E7B5F6D52BF86CB300A1E749 /* Dorae.app */;
			productType = "com.apple.product-type.application";
		};
/* End PBXNativeTarget section */

/* Begin PBXProject section */
		E7B5F6CD2BF86CB300A1E749 /* Project object */ = {
			isa = PBXProject;
			attributes = {
				BuildIndependentTargetsInParallel = 1;
				LastSwiftUpdateCheck = 1520;
				LastUpgradeCheck = 1520;
				TargetAttributes = {
					E7B5F6D42BF86CB300A1E749 = {
						CreatedOnToolsVersion = 15.2;
					};
				};
			};
			buildConfigurationList = E7B5F6D02BF86CB300A1E749 /* Build configuration list for PBXProject "Dorae" */;
			compatibilityVersion = "Xcode 14.0";
			developmentRegion = en;
			hasScannedForEncodings = 0;
			knownRegions = (
				en,
				Base,
			);
			mainGroup = E7B5F6CC2BF86CB300A1E749;
			productRefGroup = E7B5F6D62BF86CB300A1E749 /* Products */;
			projectDirPath = "";
			projectRoot = "";
			targets = (
				E7B5F6D42BF86CB300A1E749 /* Dorae */,
			);
		};
/* End PBXProject section */

/* Begin PBXResourcesBuildPhase section */
		E7B5F6D32BF86CB300A1E749 /* Resources */ = {
			isa = PBXResourcesBuildPhase;
			buildActionMask = 2147483647;
			files = (
				E7B5F6E22BF86CB400A1E749 /* Preview Assets.xcassets in Resources */,
				E7B5F6DF2BF86CB400A1E749 /* Assets.xcassets in Resources */,
			);
			runOnlyForDeploymentPostprocessing = 0;
		};
/* End PBXResourcesBuildPhase section */

/* Begin PBXSourcesBuildPhase section */
		E7B5F6D12BF86CB300A1E749 /* Sources */ = {
			isa = PBXSourcesBuildPhase;
			buildActionMask = 2147483647;
			files = (
				E7B5F7112BFB3CBB00A1E749 /* TextPatternView.swift in Sources */,
				B50F27122BFB666C00BB96F5 /* BasicKnot.swift in Sources */,
				E7B5F7192BFB3F5A00A1E749 /* Color+.swift in Sources */,
				B50F271A2BFCAE7A00BB96F5 /* HomePatternItem.swift in Sources */,
				E7B5F7132BFB3CC900A1E749 /* KnotView.swift in Sources */,
				E7B5F6DB2BF86CB300A1E749 /* ContentView.swift in Sources */,
				E7B5F70B2BFB3C6B00A1E749 /* HomeView.swift in Sources */,
				5C9FFF352BFE0156008A0E7D /* PatternDummy.swift in Sources */,
				E7B5F6DD2BF86CB300A1E749 /* Item.swift in Sources */,
				E7B5F7062BFB393A00A1E749 /* Knot.swift in Sources */,
				E7B5F7042BFB391500A1E749 /* Pattern.swift in Sources */,
				E7B5F70D2BFB3CAA00A1E749 /* PatternView.swift in Sources */,
				E7B5F6D92BF86CB300A1E749 /* DoraeApp.swift in Sources */,
				B55EE5A52BFDCBBA005A43BC /* View+.swift in Sources */,
				B50F27142BFB668400BB96F5 /* AppliedKnot.swift in Sources */,
				E7B5F70F2BFB3CB200A1E749 /* ImagePatternView.swift in Sources */,
				E7B5F7092BFB3B5C00A1E749 /* KnotDataManager.swift in Sources */,
			);
			runOnlyForDeploymentPostprocessing = 0;
		};
/* End PBXSourcesBuildPhase section */

/* Begin XCBuildConfiguration section */
		E7B5F6E32BF86CB400A1E749 /* Debug */ = {
			isa = XCBuildConfiguration;
			buildSettings = {
				ALWAYS_SEARCH_USER_PATHS = NO;
				ASSETCATALOG_COMPILER_GENERATE_SWIFT_ASSET_SYMBOL_EXTENSIONS = YES;
				CLANG_ANALYZER_NONNULL = YES;
				CLANG_ANALYZER_NUMBER_OBJECT_CONVERSION = YES_AGGRESSIVE;
				CLANG_CXX_LANGUAGE_STANDARD = "gnu++20";
				CLANG_ENABLE_MODULES = YES;
				CLANG_ENABLE_OBJC_ARC = YES;
				CLANG_ENABLE_OBJC_WEAK = YES;
				CLANG_WARN_BLOCK_CAPTURE_AUTORELEASING = YES;
				CLANG_WARN_BOOL_CONVERSION = YES;
				CLANG_WARN_COMMA = YES;
				CLANG_WARN_CONSTANT_CONVERSION = YES;
				CLANG_WARN_DEPRECATED_OBJC_IMPLEMENTATIONS = YES;
				CLANG_WARN_DIRECT_OBJC_ISA_USAGE = YES_ERROR;
				CLANG_WARN_DOCUMENTATION_COMMENTS = YES;
				CLANG_WARN_EMPTY_BODY = YES;
				CLANG_WARN_ENUM_CONVERSION = YES;
				CLANG_WARN_INFINITE_RECURSION = YES;
				CLANG_WARN_INT_CONVERSION = YES;
				CLANG_WARN_NON_LITERAL_NULL_CONVERSION = YES;
				CLANG_WARN_OBJC_IMPLICIT_RETAIN_SELF = YES;
				CLANG_WARN_OBJC_LITERAL_CONVERSION = YES;
				CLANG_WARN_OBJC_ROOT_CLASS = YES_ERROR;
				CLANG_WARN_QUOTED_INCLUDE_IN_FRAMEWORK_HEADER = YES;
				CLANG_WARN_RANGE_LOOP_ANALYSIS = YES;
				CLANG_WARN_STRICT_PROTOTYPES = YES;
				CLANG_WARN_SUSPICIOUS_MOVE = YES;
				CLANG_WARN_UNGUARDED_AVAILABILITY = YES_AGGRESSIVE;
				CLANG_WARN_UNREACHABLE_CODE = YES;
				CLANG_WARN__DUPLICATE_METHOD_MATCH = YES;
				COPY_PHASE_STRIP = NO;
				DEBUG_INFORMATION_FORMAT = dwarf;
				ENABLE_STRICT_OBJC_MSGSEND = YES;
				ENABLE_TESTABILITY = YES;
				ENABLE_USER_SCRIPT_SANDBOXING = YES;
				GCC_C_LANGUAGE_STANDARD = gnu17;
				GCC_DYNAMIC_NO_PIC = NO;
				GCC_NO_COMMON_BLOCKS = YES;
				GCC_OPTIMIZATION_LEVEL = 0;
				GCC_PREPROCESSOR_DEFINITIONS = (
					"DEBUG=1",
					"$(inherited)",
				);
				GCC_WARN_64_TO_32_BIT_CONVERSION = YES;
				GCC_WARN_ABOUT_RETURN_TYPE = YES_ERROR;
				GCC_WARN_UNDECLARED_SELECTOR = YES;
				GCC_WARN_UNINITIALIZED_AUTOS = YES_AGGRESSIVE;
				GCC_WARN_UNUSED_FUNCTION = YES;
				GCC_WARN_UNUSED_VARIABLE = YES;
				IPHONEOS_DEPLOYMENT_TARGET = 17.2;
				LOCALIZATION_PREFERS_STRING_CATALOGS = YES;
				MTL_ENABLE_DEBUG_INFO = INCLUDE_SOURCE;
				MTL_FAST_MATH = YES;
				ONLY_ACTIVE_ARCH = YES;
				SDKROOT = iphoneos;
				SWIFT_ACTIVE_COMPILATION_CONDITIONS = "DEBUG $(inherited)";
				SWIFT_OPTIMIZATION_LEVEL = "-Onone";
			};
			name = Debug;
		};
		E7B5F6E42BF86CB400A1E749 /* Release */ = {
			isa = XCBuildConfiguration;
			buildSettings = {
				ALWAYS_SEARCH_USER_PATHS = NO;
				ASSETCATALOG_COMPILER_GENERATE_SWIFT_ASSET_SYMBOL_EXTENSIONS = YES;
				CLANG_ANALYZER_NONNULL = YES;
				CLANG_ANALYZER_NUMBER_OBJECT_CONVERSION = YES_AGGRESSIVE;
				CLANG_CXX_LANGUAGE_STANDARD = "gnu++20";
				CLANG_ENABLE_MODULES = YES;
				CLANG_ENABLE_OBJC_ARC = YES;
				CLANG_ENABLE_OBJC_WEAK = YES;
				CLANG_WARN_BLOCK_CAPTURE_AUTORELEASING = YES;
				CLANG_WARN_BOOL_CONVERSION = YES;
				CLANG_WARN_COMMA = YES;
				CLANG_WARN_CONSTANT_CONVERSION = YES;
				CLANG_WARN_DEPRECATED_OBJC_IMPLEMENTATIONS = YES;
				CLANG_WARN_DIRECT_OBJC_ISA_USAGE = YES_ERROR;
				CLANG_WARN_DOCUMENTATION_COMMENTS = YES;
				CLANG_WARN_EMPTY_BODY = YES;
				CLANG_WARN_ENUM_CONVERSION = YES;
				CLANG_WARN_INFINITE_RECURSION = YES;
				CLANG_WARN_INT_CONVERSION = YES;
				CLANG_WARN_NON_LITERAL_NULL_CONVERSION = YES;
				CLANG_WARN_OBJC_IMPLICIT_RETAIN_SELF = YES;
				CLANG_WARN_OBJC_LITERAL_CONVERSION = YES;
				CLANG_WARN_OBJC_ROOT_CLASS = YES_ERROR;
				CLANG_WARN_QUOTED_INCLUDE_IN_FRAMEWORK_HEADER = YES;
				CLANG_WARN_RANGE_LOOP_ANALYSIS = YES;
				CLANG_WARN_STRICT_PROTOTYPES = YES;
				CLANG_WARN_SUSPICIOUS_MOVE = YES;
				CLANG_WARN_UNGUARDED_AVAILABILITY = YES_AGGRESSIVE;
				CLANG_WARN_UNREACHABLE_CODE = YES;
				CLANG_WARN__DUPLICATE_METHOD_MATCH = YES;
				COPY_PHASE_STRIP = NO;
				DEBUG_INFORMATION_FORMAT = "dwarf-with-dsym";
				ENABLE_NS_ASSERTIONS = NO;
				ENABLE_STRICT_OBJC_MSGSEND = YES;
				ENABLE_USER_SCRIPT_SANDBOXING = YES;
				GCC_C_LANGUAGE_STANDARD = gnu17;
				GCC_NO_COMMON_BLOCKS = YES;
				GCC_WARN_64_TO_32_BIT_CONVERSION = YES;
				GCC_WARN_ABOUT_RETURN_TYPE = YES_ERROR;
				GCC_WARN_UNDECLARED_SELECTOR = YES;
				GCC_WARN_UNINITIALIZED_AUTOS = YES_AGGRESSIVE;
				GCC_WARN_UNUSED_FUNCTION = YES;
				GCC_WARN_UNUSED_VARIABLE = YES;
				IPHONEOS_DEPLOYMENT_TARGET = 17.2;
				LOCALIZATION_PREFERS_STRING_CATALOGS = YES;
				MTL_ENABLE_DEBUG_INFO = NO;
				MTL_FAST_MATH = YES;
				SDKROOT = iphoneos;
				SWIFT_COMPILATION_MODE = wholemodule;
				VALIDATE_PRODUCT = YES;
			};
			name = Release;
		};
		E7B5F6E62BF86CB400A1E749 /* Debug */ = {
			isa = XCBuildConfiguration;
			buildSettings = {
				ASSETCATALOG_COMPILER_APPICON_NAME = AppIcon;
				ASSETCATALOG_COMPILER_GLOBAL_ACCENT_COLOR_NAME = AccentColor;
				CODE_SIGN_STYLE = Automatic;
				CURRENT_PROJECT_VERSION = 1;
				DEVELOPMENT_ASSET_PATHS = "\"Dorae/Preview Content\"";
				DEVELOPMENT_TEAM = AFS6YUQ2Y4;
				ENABLE_PREVIEWS = YES;
				GENERATE_INFOPLIST_FILE = YES;
				INFOPLIST_KEY_UIApplicationSceneManifest_Generation = YES;
				INFOPLIST_KEY_UIApplicationSupportsIndirectInputEvents = YES;
				INFOPLIST_KEY_UILaunchScreen_Generation = YES;
				INFOPLIST_KEY_UISupportedInterfaceOrientations_iPad = "UIInterfaceOrientationPortrait UIInterfaceOrientationPortraitUpsideDown UIInterfaceOrientationLandscapeLeft UIInterfaceOrientationLandscapeRight";
				INFOPLIST_KEY_UISupportedInterfaceOrientations_iPhone = "UIInterfaceOrientationPortrait UIInterfaceOrientationLandscapeLeft UIInterfaceOrientationLandscapeRight";
				LD_RUNPATH_SEARCH_PATHS = (
					"$(inherited)",
					"@executable_path/Frameworks",
				);
				MARKETING_VERSION = 1.0;
				PRODUCT_BUNDLE_IDENTIFIER = com.myorganization.Dorae;
				PRODUCT_NAME = "$(TARGET_NAME)";
				SWIFT_EMIT_LOC_STRINGS = YES;
				SWIFT_VERSION = 5.0;
				TARGETED_DEVICE_FAMILY = "1,2";
			};
			name = Debug;
		};
		E7B5F6E72BF86CB400A1E749 /* Release */ = {
			isa = XCBuildConfiguration;
			buildSettings = {
				ASSETCATALOG_COMPILER_APPICON_NAME = AppIcon;
				ASSETCATALOG_COMPILER_GLOBAL_ACCENT_COLOR_NAME = AccentColor;
				CODE_SIGN_STYLE = Automatic;
				CURRENT_PROJECT_VERSION = 1;
				DEVELOPMENT_ASSET_PATHS = "\"Dorae/Preview Content\"";
				DEVELOPMENT_TEAM = AFS6YUQ2Y4;
				ENABLE_PREVIEWS = YES;
				GENERATE_INFOPLIST_FILE = YES;
				INFOPLIST_KEY_UIApplicationSceneManifest_Generation = YES;
				INFOPLIST_KEY_UIApplicationSupportsIndirectInputEvents = YES;
				INFOPLIST_KEY_UILaunchScreen_Generation = YES;
				INFOPLIST_KEY_UISupportedInterfaceOrientations_iPad = "UIInterfaceOrientationPortrait UIInterfaceOrientationPortraitUpsideDown UIInterfaceOrientationLandscapeLeft UIInterfaceOrientationLandscapeRight";
				INFOPLIST_KEY_UISupportedInterfaceOrientations_iPhone = "UIInterfaceOrientationPortrait UIInterfaceOrientationLandscapeLeft UIInterfaceOrientationLandscapeRight";
				LD_RUNPATH_SEARCH_PATHS = (
					"$(inherited)",
					"@executable_path/Frameworks",
				);
				MARKETING_VERSION = 1.0;
				PRODUCT_BUNDLE_IDENTIFIER = com.myorganization.Dorae;
				PRODUCT_NAME = "$(TARGET_NAME)";
				SWIFT_EMIT_LOC_STRINGS = YES;
				SWIFT_VERSION = 5.0;
				TARGETED_DEVICE_FAMILY = "1,2";
			};
			name = Release;
		};
/* End XCBuildConfiguration section */

/* Begin XCConfigurationList section */
		E7B5F6D02BF86CB300A1E749 /* Build configuration list for PBXProject "Dorae" */ = {
			isa = XCConfigurationList;
			buildConfigurations = (
				E7B5F6E32BF86CB400A1E749 /* Debug */,
				E7B5F6E42BF86CB400A1E749 /* Release */,
			);
			defaultConfigurationIsVisible = 0;
			defaultConfigurationName = Release;
		};
		E7B5F6E52BF86CB400A1E749 /* Build configuration list for PBXNativeTarget "Dorae" */ = {
			isa = XCConfigurationList;
			buildConfigurations = (
				E7B5F6E62BF86CB400A1E749 /* Debug */,
				E7B5F6E72BF86CB400A1E749 /* Release */,
			);
			defaultConfigurationIsVisible = 0;
			defaultConfigurationName = Release;
		};
/* End XCConfigurationList section */
	};
	rootObject = E7B5F6CD2BF86CB300A1E749 /* Project object */;
}
